
Microsoft Visual Studio Solution File, Format Version 12.00
# Visual Studio Version 17
VisualStudioVersion = 17.5.002.0
MinimumVisualStudioVersion = 10.0.40219.1
Project("{9A19103F-16F7-4668-BE54-9A1E7A4F7556}") = "Acesso à dados com .NET, C#, Dapper e SQL Server", "Acesso à dados com .NET, C#, Dapper e SQL Server.csproj", "{DA419475-6258-4FA5-9DE1-8FE6FAF15B2B}"
EndProject
Project("{FAE04EC0-301F-11D3-BF4B-00C04F79EFBC}") = "Blog", "..\Blog\Blog.csproj", "{22C0B4BD-D071-4900-BFAB-6DEEC89E50CD}"
EndProject
Global
	GlobalSection(SolutionConfigurationPlatforms) = preSolution
		Debug|Any CPU = Debug|Any CPU
		Release|Any CPU = Release|Any CPU
	EndGlobalSection
	GlobalSection(ProjectConfigurationPlatforms) = postSolution
		{DA419475-6258-4FA5-9DE1-8FE6FAF15B2B}.Debug|Any CPU.ActiveCfg = Debug|Any CPU
		{DA419475-6258-4FA5-9DE1-8FE6FAF15B2B}.Debug|Any CPU.Build.0 = Debug|Any CPU
		{DA419475-6258-4FA5-9DE1-8FE6FAF15B2B}.Release|Any CPU.ActiveCfg = Release|Any CPU
		{DA419475-6258-4FA5-9DE1-8FE6FAF15B2B}.Release|Any CPU.Build.0 = Release|Any CPU
		{22C0B4BD-D071-4900-BFAB-6DEEC89E50CD}.Debug|Any CPU.ActiveCfg = Debug|Any CPU
		{22C0B4BD-D071-4900-BFAB-6DEEC89E50CD}.Debug|Any CPU.Build.0 = Debug|Any CPU
		{22C0B4BD-D071-4900-BFAB-6DEEC89E50CD}.Release|Any CPU.ActiveCfg = Release|Any CPU
		{22C0B4BD-D071-4900-BFAB-6DEEC89E50CD}.Release|Any CPU.Build.0 = Release|Any CPU
	EndGlobalSection
	GlobalSection(SolutionProperties) = preSolution
		HideSolutionNode = FALSE
	EndGlobalSection
	GlobalSection(ExtensibilityGlobals) = postSolution
		SolutionGuid = {32AB5ABB-2A4C-48D1-BA1F-27F438DD68CB}
	EndGlobalSection
EndGlobal
